// !$*UTF8*$!
{
	archiveVersion = 1;
	classes = {
	};
	objectVersion = 46;
	objects = {

/* Begin PBXBuildFile section */
		6B1F41D11D0F36AC004B6D2A /* ParallaxHeaderView.m in Sources */ = {isa = PBXBuildFile; fileRef = 6B1F41D01D0F36AC004B6D2A /* ParallaxHeaderView.m */; };
		6B1F41D41D0F36B3004B6D2A /* UIImage+ImageEffects.m in Sources */ = {isa = PBXBuildFile; fileRef = 6B1F41D31D0F36B3004B6D2A /* UIImage+ImageEffects.m */; };
		6B5AF6331D10F11400E0A2BA /* MNMBottomPullToRefresh.strings in Resources */ = {isa = PBXBuildFile; fileRef = 6B5AF62C1D10F11400E0A2BA /* MNMBottomPullToRefresh.strings */; };
		6B5AF6341D10F11400E0A2BA /* MNMBottomPullToRefreshArrow.png in Resources */ = {isa = PBXBuildFile; fileRef = 6B5AF62D1D10F11400E0A2BA /* MNMBottomPullToRefreshArrow.png */; };
		6B5AF6351D10F11400E0A2BA /* MNMBottomPullToRefreshArrow@2x.png in Resources */ = {isa = PBXBuildFile; fileRef = 6B5AF62E1D10F11400E0A2BA /* MNMBottomPullToRefreshArrow@2x.png */; };
		6B5AF6361D10F11400E0A2BA /* MNMBottomPullToRefreshManager.m in Sources */ = {isa = PBXBuildFile; fileRef = 6B5AF6301D10F11400E0A2BA /* MNMBottomPullToRefreshManager.m */; };
		6B5AF6371D10F11400E0A2BA /* MNMBottomPullToRefreshView.m in Sources */ = {isa = PBXBuildFile; fileRef = 6B5AF6321D10F11400E0A2BA /* MNMBottomPullToRefreshView.m */; };
		6B5AF6391D10F15400E0A2BA /* Foundation.framework in Frameworks */ = {isa = PBXBuildFile; fileRef = 6B5AF6381D10F15400E0A2BA /* Foundation.framework */; };
		6B5AF63B1D10F16400E0A2BA /* UIKit.framework in Frameworks */ = {isa = PBXBuildFile; fileRef = 6B5AF63A1D10F16400E0A2BA /* UIKit.framework */; };
		6B5AF63D1D10F17100E0A2BA /* CoreGraphics.framework in Frameworks */ = {isa = PBXBuildFile; fileRef = 6B5AF63C1D10F17100E0A2BA /* CoreGraphics.framework */; };
		AA2FB2CC1D0B273900CCACB0 /* main.m in Sources */ = {isa = PBXBuildFile; fileRef = AA2FB2CB1D0B273900CCACB0 /* main.m */; };
		AA2FB2CF1D0B273900CCACB0 /* AppDelegate.m in Sources */ = {isa = PBXBuildFile; fileRef = AA2FB2CE1D0B273900CCACB0 /* AppDelegate.m */; };
		AA2FB2D51D0B273900CCACB0 /* Main.storyboard in Resources */ = {isa = PBXBuildFile; fileRef = AA2FB2D31D0B273900CCACB0 /* Main.storyboard */; };
		AA2FB2D71D0B273900CCACB0 /* Assets.xcassets in Resources */ = {isa = PBXBuildFile; fileRef = AA2FB2D61D0B273900CCACB0 /* Assets.xcassets */; };
		AA2FB2DA1D0B273900CCACB0 /* LaunchScreen.storyboard in Resources */ = {isa = PBXBuildFile; fileRef = AA2FB2D81D0B273900CCACB0 /* LaunchScreen.storyboard */; };
		AA2FB2E31D0B279E00CCACB0 /* NewsListViewController.m in Sources */ = {isa = PBXBuildFile; fileRef = AA2FB2E21D0B279E00CCACB0 /* NewsListViewController.m */; };
		AA2FB2E61D0B27CE00CCACB0 /* NewsListCell.m in Sources */ = {isa = PBXBuildFile; fileRef = AA2FB2E51D0B27CE00CCACB0 /* NewsListCell.m */; };
		AA2FB2E91D0EBC7600CCACB0 /* RssXMLParser.m in Sources */ = {isa = PBXBuildFile; fileRef = AA2FB2E81D0EBC7600CCACB0 /* RssXMLParser.m */; };
/* End PBXBuildFile section */

/* Begin PBXFileReference section */
		6B1F41CF1D0F36AC004B6D2A /* ParallaxHeaderView.h */ = {isa = PBXFileReference; fileEncoding = 4; lastKnownFileType = sourcecode.c.h; path = ParallaxHeaderView.h; sourceTree = "<group>"; };
		6B1F41D01D0F36AC004B6D2A /* ParallaxHeaderView.m */ = {isa = PBXFileReference; fileEncoding = 4; lastKnownFileType = sourcecode.c.objc; path = ParallaxHeaderView.m; sourceTree = "<group>"; };
		6B1F41D21D0F36B3004B6D2A /* UIImage+ImageEffects.h */ = {isa = PBXFileReference; fileEncoding = 4; lastKnownFileType = sourcecode.c.h; path = "UIImage+ImageEffects.h"; sourceTree = "<group>"; };
		6B1F41D31D0F36B3004B6D2A /* UIImage+ImageEffects.m */ = {isa = PBXFileReference; fileEncoding = 4; lastKnownFileType = sourcecode.c.objc; path = "UIImage+ImageEffects.m"; sourceTree = "<group>"; };
		6B5AF62C1D10F11400E0A2BA /* MNMBottomPullToRefresh.strings */ = {isa = PBXFileReference; fileEncoding = 4; lastKnownFileType = text.plist.strings; path = MNMBottomPullToRefresh.strings; sourceTree = "<group>"; };
		6B5AF62D1D10F11400E0A2BA /* MNMBottomPullToRefreshArrow.png */ = {isa = PBXFileReference; lastKnownFileType = image.png; path = MNMBottomPullToRefreshArrow.png; sourceTree = "<group>"; };
		6B5AF62E1D10F11400E0A2BA /* MNMBottomPullToRefreshArrow@2x.png */ = {isa = PBXFileReference; lastKnownFileType = image.png; path = "MNMBottomPullToRefreshArrow@2x.png"; sourceTree = "<group>"; };
		6B5AF62F1D10F11400E0A2BA /* MNMBottomPullToRefreshManager.h */ = {isa = PBXFileReference; fileEncoding = 4; lastKnownFileType = sourcecode.c.h; path = MNMBottomPullToRefreshManager.h; sourceTree = "<group>"; };
		6B5AF6301D10F11400E0A2BA /* MNMBottomPullToRefreshManager.m */ = {isa = PBXFileReference; fileEncoding = 4; lastKnownFileType = sourcecode.c.objc; path = MNMBottomPullToRefreshManager.m; sourceTree = "<group>"; };
		6B5AF6311D10F11400E0A2BA /* MNMBottomPullToRefreshView.h */ = {isa = PBXFileReference; fileEncoding = 4; lastKnownFileType = sourcecode.c.h; path = MNMBottomPullToRefreshView.h; sourceTree = "<group>"; };
		6B5AF6321D10F11400E0A2BA /* MNMBottomPullToRefreshView.m */ = {isa = PBXFileReference; fileEncoding = 4; lastKnownFileType = sourcecode.c.objc; path = MNMBottomPullToRefreshView.m; sourceTree = "<group>"; };
		6B5AF6381D10F15400E0A2BA /* Foundation.framework */ = {isa = PBXFileReference; lastKnownFileType = wrapper.framework; name = Foundation.framework; path = System/Library/Frameworks/Foundation.framework; sourceTree = SDKROOT; };
		6B5AF63A1D10F16400E0A2BA /* UIKit.framework */ = {isa = PBXFileReference; lastKnownFileType = wrapper.framework; name = UIKit.framework; path = System/Library/Frameworks/UIKit.framework; sourceTree = SDKROOT; };
		6B5AF63C1D10F17100E0A2BA /* CoreGraphics.framework */ = {isa = PBXFileReference; lastKnownFileType = wrapper.framework; name = CoreGraphics.framework; path = System/Library/Frameworks/CoreGraphics.framework; sourceTree = SDKROOT; };
		AA2FB2C71D0B273900CCACB0 /* NewsDigest.app */ = {isa = PBXFileReference; explicitFileType = wrapper.application; includeInIndex = 0; path = NewsDigest.app; sourceTree = BUILT_PRODUCTS_DIR; };
		AA2FB2CB1D0B273900CCACB0 /* main.m */ = {isa = PBXFileReference; lastKnownFileType = sourcecode.c.objc; path = main.m; sourceTree = "<group>"; };
		AA2FB2CD1D0B273900CCACB0 /* AppDelegate.h */ = {isa = PBXFileReference; lastKnownFileType = sourcecode.c.h; path = AppDelegate.h; sourceTree = "<group>"; };
		AA2FB2CE1D0B273900CCACB0 /* AppDelegate.m */ = {isa = PBXFileReference; lastKnownFileType = sourcecode.c.objc; path = AppDelegate.m; sourceTree = "<group>"; };
		AA2FB2D41D0B273900CCACB0 /* Base */ = {isa = PBXFileReference; lastKnownFileType = file.storyboard; name = Base; path = Base.lproj/Main.storyboard; sourceTree = "<group>"; };
		AA2FB2D61D0B273900CCACB0 /* Assets.xcassets */ = {isa = PBXFileReference; lastKnownFileType = folder.assetcatalog; path = Assets.xcassets; sourceTree = "<group>"; };
		AA2FB2D91D0B273900CCACB0 /* Base */ = {isa = PBXFileReference; lastKnownFileType = file.storyboard; name = Base; path = Base.lproj/LaunchScreen.storyboard; sourceTree = "<group>"; };
		AA2FB2DB1D0B273900CCACB0 /* Info.plist */ = {isa = PBXFileReference; lastKnownFileType = text.plist.xml; path = Info.plist; sourceTree = "<group>"; };
		AA2FB2E11D0B279E00CCACB0 /* NewsListViewController.h */ = {isa = PBXFileReference; fileEncoding = 4; lastKnownFileType = sourcecode.c.h; path = NewsListViewController.h; sourceTree = "<group>"; };
		AA2FB2E21D0B279E00CCACB0 /* NewsListViewController.m */ = {isa = PBXFileReference; fileEncoding = 4; lastKnownFileType = sourcecode.c.objc; path = NewsListViewController.m; sourceTree = "<group>"; };
		AA2FB2E41D0B27CE00CCACB0 /* NewsListCell.h */ = {isa = PBXFileReference; fileEncoding = 4; lastKnownFileType = sourcecode.c.h; path = NewsListCell.h; sourceTree = "<group>"; };
		AA2FB2E51D0B27CE00CCACB0 /* NewsListCell.m */ = {isa = PBXFileReference; fileEncoding = 4; lastKnownFileType = sourcecode.c.objc; path = NewsListCell.m; sourceTree = "<group>"; };
		AA2FB2E71D0EBC7600CCACB0 /* RssXMLParser.h */ = {isa = PBXFileReference; fileEncoding = 4; lastKnownFileType = sourcecode.c.h; path = RssXMLParser.h; sourceTree = "<group>"; };
		AA2FB2E81D0EBC7600CCACB0 /* RssXMLParser.m */ = {isa = PBXFileReference; fileEncoding = 4; lastKnownFileType = sourcecode.c.objc; path = RssXMLParser.m; sourceTree = "<group>"; };
/* End PBXFileReference section */

/* Begin PBXFrameworksBuildPhase section */
		AA2FB2C41D0B273800CCACB0 /* Frameworks */ = {
			isa = PBXFrameworksBuildPhase;
			buildActionMask = 2147483647;
			files = (
				6B5AF63D1D10F17100E0A2BA /* CoreGraphics.framework in Frameworks */,
				6B5AF63B1D10F16400E0A2BA /* UIKit.framework in Frameworks */,
				6B5AF6391D10F15400E0A2BA /* Foundation.framework in Frameworks */,
			);
			runOnlyForDeploymentPostprocessing = 0;
		};
/* End PBXFrameworksBuildPhase section */

/* Begin PBXGroup section */
		6B5AF62B1D10F11400E0A2BA /* MNMBottomPullToRefresh */ = {
			isa = PBXGroup;
			children = (
				6B5AF62C1D10F11400E0A2BA /* MNMBottomPullToRefresh.strings */,
				6B5AF62D1D10F11400E0A2BA /* MNMBottomPullToRefreshArrow.png */,
				6B5AF62E1D10F11400E0A2BA /* MNMBottomPullToRefreshArrow@2x.png */,
				6B5AF62F1D10F11400E0A2BA /* MNMBottomPullToRefreshManager.h */,
				6B5AF6301D10F11400E0A2BA /* MNMBottomPullToRefreshManager.m */,
				6B5AF6311D10F11400E0A2BA /* MNMBottomPullToRefreshView.h */,
				6B5AF6321D10F11400E0A2BA /* MNMBottomPullToRefreshView.m */,
			);
			path = MNMBottomPullToRefresh;
			sourceTree = "<group>";
		};
		AA2FB2BE1D0B273800CCACB0 = {
			isa = PBXGroup;
			children = (
				6B5AF63C1D10F17100E0A2BA /* CoreGraphics.framework */,
				6B5AF63A1D10F16400E0A2BA /* UIKit.framework */,
				6B5AF6381D10F15400E0A2BA /* Foundation.framework */,
				AA2FB2C91D0B273900CCACB0 /* NewsDigest */,
				AA2FB2C81D0B273900CCACB0 /* Products */,
			);
			sourceTree = "<group>";
		};
		AA2FB2C81D0B273900CCACB0 /* Products */ = {
			isa = PBXGroup;
			children = (
				AA2FB2C71D0B273900CCACB0 /* NewsDigest.app */,
			);
			name = Products;
			sourceTree = "<group>";
		};
		AA2FB2C91D0B273900CCACB0 /* NewsDigest */ = {
			isa = PBXGroup;
			children = (
				AA2FB2CD1D0B273900CCACB0 /* AppDelegate.h */,
				AA2FB2CE1D0B273900CCACB0 /* AppDelegate.m */,
				AA2FB2E11D0B279E00CCACB0 /* NewsListViewController.h */,
				AA2FB2E21D0B279E00CCACB0 /* NewsListViewController.m */,
				AA2FB2E41D0B27CE00CCACB0 /* NewsListCell.h */,
				AA2FB2E51D0B27CE00CCACB0 /* NewsListCell.m */,
				AA2FB2E71D0EBC7600CCACB0 /* RssXMLParser.h */,
				AA2FB2E81D0EBC7600CCACB0 /* RssXMLParser.m */,
				6B1F41CF1D0F36AC004B6D2A /* ParallaxHeaderView.h */,
				6B1F41D01D0F36AC004B6D2A /* ParallaxHeaderView.m */,
				6B1F41D21D0F36B3004B6D2A /* UIImage+ImageEffects.h */,
				6B1F41D31D0F36B3004B6D2A /* UIImage+ImageEffects.m */,
				6B5AF62B1D10F11400E0A2BA /* MNMBottomPullToRefresh */,
				AA2FB2D31D0B273900CCACB0 /* Main.storyboard */,
				AA2FB2D61D0B273900CCACB0 /* Assets.xcassets */,
				AA2FB2D81D0B273900CCACB0 /* LaunchScreen.storyboard */,
				AA2FB2DB1D0B273900CCACB0 /* Info.plist */,
				AA2FB2CA1D0B273900CCACB0 /* Supporting Files */,
			);
			path = NewsDigest;
			sourceTree = "<group>";
		};
		AA2FB2CA1D0B273900CCACB0 /* Supporting Files */ = {
			isa = PBXGroup;
			children = (
				AA2FB2CB1D0B273900CCACB0 /* main.m */,
			);
			name = "Supporting Files";
			sourceTree = "<group>";
		};
/* End PBXGroup section */

/* Begin PBXNativeTarget section */
		AA2FB2C61D0B273800CCACB0 /* NewsDigest */ = {
			isa = PBXNativeTarget;
			buildConfigurationList = AA2FB2DE1D0B273900CCACB0 /* Build configuration list for PBXNativeTarget "NewsDigest" */;
			buildPhases = (
				AA2FB2C31D0B273800CCACB0 /* Sources */,
				AA2FB2C41D0B273800CCACB0 /* Frameworks */,
				AA2FB2C51D0B273800CCACB0 /* Resources */,
			);
			buildRules = (
			);
			dependencies = (
			);
			name = NewsDigest;
			productName = NewsDigest;
			productReference = AA2FB2C71D0B273900CCACB0 /* NewsDigest.app */;
			productType = "com.apple.product-type.application";
		};
/* End PBXNativeTarget section */

/* Begin PBXProject section */
		AA2FB2BF1D0B273800CCACB0 /* Project object */ = {
			isa = PBXProject;
			attributes = {
				LastUpgradeCheck = 0720;
				ORGANIZATIONNAME = None;
				TargetAttributes = {
					AA2FB2C61D0B273800CCACB0 = {
						CreatedOnToolsVersion = 7.2;
					};
				};
			};
			buildConfigurationList = AA2FB2C21D0B273800CCACB0 /* Build configuration list for PBXProject "NewsDigest" */;
			compatibilityVersion = "Xcode 3.2";
			developmentRegion = English;
			hasScannedForEncodings = 0;
			knownRegions = (
				en,
				Base,
			);
			mainGroup = AA2FB2BE1D0B273800CCACB0;
			productRefGroup = AA2FB2C81D0B273900CCACB0 /* Products */;
			projectDirPath = "";
			projectRoot = "";
			targets = (
				AA2FB2C61D0B273800CCACB0 /* NewsDigest */,
			);
		};
/* End PBXProject section */

/* Begin PBXResourcesBuildPhase section */
		AA2FB2C51D0B273800CCACB0 /* Resources */ = {
			isa = PBXResourcesBuildPhase;
			buildActionMask = 2147483647;
			files = (
				6B5AF6351D10F11400E0A2BA /* MNMBottomPullToRefreshArrow@2x.png in Resources */,
				AA2FB2DA1D0B273900CCACB0 /* LaunchScreen.storyboard in Resources */,
				AA2FB2D71D0B273900CCACB0 /* Assets.xcassets in Resources */,
				6B5AF6331D10F11400E0A2BA /* MNMBottomPullToRefresh.strings in Resources */,
				6B5AF6341D10F11400E0A2BA /* MNMBottomPullToRefreshArrow.png in Resources */,
				AA2FB2D51D0B273900CCACB0 /* Main.storyboard in Resources */,
			);
			runOnlyForDeploymentPostprocessing = 0;
		};
/* End PBXResourcesBuildPhase section */

/* Begin PBXSourcesBuildPhase section */
		AA2FB2C31D0B273800CCACB0 /* Sources */ = {
			isa = PBXSourcesBuildPhase;
			buildActionMask = 2147483647;
			files = (
				6B1F41D11D0F36AC004B6D2A /* ParallaxHeaderView.m in Sources */,
				6B5AF6361D10F11400E0A2BA /* MNMBottomPullToRefreshManager.m in Sources */,
				AA2FB2E61D0B27CE00CCACB0 /* NewsListCell.m in Sources */,
				AA2FB2CF1D0B273900CCACB0 /* AppDelegate.m in Sources */,
				6B1F41D41D0F36B3004B6D2A /* UIImage+ImageEffects.m in Sources */,
				AA2FB2CC1D0B273900CCACB0 /* main.m in Sources */,
				6B5AF6371D10F11400E0A2BA /* MNMBottomPullToRefreshView.m in Sources */,
				AA2FB2E31D0B279E00CCACB0 /* NewsListViewController.m in Sources */,
				AA2FB2E91D0EBC7600CCACB0 /* RssXMLParser.m in Sources */,
			);
			runOnlyForDeploymentPostprocessing = 0;
		};
/* End PBXSourcesBuildPhase section */

/* Begin PBXVariantGroup section */
		AA2FB2D31D0B273900CCACB0 /* Main.storyboard */ = {
			isa = PBXVariantGroup;
			children = (
				AA2FB2D41D0B273900CCACB0 /* Base */,
			);
			name = Main.storyboard;
			sourceTree = "<group>";
		};
		AA2FB2D81D0B273900CCACB0 /* LaunchScreen.storyboard */ = {
			isa = PBXVariantGroup;
			children = (
				AA2FB2D91D0B273900CCACB0 /* Base */,
			);
			name = LaunchScreen.storyboard;
			sourceTree = "<group>";
		};
/* End PBXVariantGroup section */

/* Begin XCBuildConfiguration section */
		AA2FB2DC1D0B273900CCACB0 /* Debug */ = {
			isa = XCBuildConfiguration;
			buildSettings = {
				ALWAYS_SEARCH_USER_PATHS = NO;
				CLANG_CXX_LANGUAGE_STANDARD = "gnu++0x";
				CLANG_CXX_LIBRARY = "libc++";
				CLANG_ENABLE_MODULES = YES;
				CLANG_ENABLE_OBJC_ARC = YES;
				CLANG_WARN_BOOL_CONVERSION = YES;
				CLANG_WARN_CONSTANT_CONVERSION = YES;
				CLANG_WARN_DIRECT_OBJC_ISA_USAGE = YES_ERROR;
				CLANG_WARN_EMPTY_BODY = YES;
				CLANG_WARN_ENUM_CONVERSION = YES;
				CLANG_WARN_INT_CONVERSION = YES;
				CLANG_WARN_OBJC_ROOT_CLASS = YES_ERROR;
				CLANG_WARN_UNREACHABLE_CODE = YES;
				CLANG_WARN__DUPLICATE_METHOD_MATCH = YES;
				"CODE_SIGN_IDENTITY[sdk=iphoneos*]" = "iPhone Developer";
				COPY_PHASE_STRIP = NO;
				DEBUG_INFORMATION_FORMAT = dwarf;
				ENABLE_STRICT_OBJC_MSGSEND = YES;
				ENABLE_TESTABILITY = YES;
				GCC_C_LANGUAGE_STANDARD = gnu99;
				GCC_DYNAMIC_NO_PIC = NO;
				GCC_NO_COMMON_BLOCKS = YES;
				GCC_OPTIMIZATION_LEVEL = 0;
				GCC_PREPROCESSOR_DEFINITIONS = (
					"DEBUG=1",
					"$(inherited)",
				);
				GCC_WARN_64_TO_32_BIT_CONVERSION = YES;
				GCC_WARN_ABOUT_RETURN_TYPE = YES_ERROR;
				GCC_WARN_UNDECLARED_SELECTOR = YES;
				GCC_WARN_UNINITIALIZED_AUTOS = YES_AGGRESSIVE;
				GCC_WARN_UNUSED_FUNCTION = YES;
				GCC_WARN_UNUSED_VARIABLE = YES;
				IPHONEOS_DEPLOYMENT_TARGET = 9.2;
				MTL_ENABLE_DEBUG_INFO = YES;
				ONLY_ACTIVE_ARCH = YES;
				SDKROOT = iphoneos;
				TARGETED_DEVICE_FAMILY = "1,2";
			};
			name = Debug;
		};
		AA2FB2DD1D0B273900CCACB0 /* Release */ = {
			isa = XCBuildConfiguration;
			buildSettings = {
				ALWAYS_SEARCH_USER_PATHS = NO;
				CLANG_CXX_LANGUAGE_STANDARD = "gnu++0x";
				CLANG_CXX_LIBRARY = "libc++";
				CLANG_ENABLE_MODULES = YES;
				CLANG_ENABLE_OBJC_ARC = YES;
				CLANG_WARN_BOOL_CONVERSION = YES;
				CLANG_WARN_CONSTANT_CONVERSION = YES;
				CLANG_WARN_DIRECT_OBJC_ISA_USAGE = YES_ERROR;
				CLANG_WARN_EMPTY_BODY = YES;
				CLANG_WARN_ENUM_CONVERSION = YES;
				CLANG_WARN_INT_CONVERSION = YES;
				CLANG_WARN_OBJC_ROOT_CLASS = YES_ERROR;
				CLANG_WARN_UNREACHABLE_CODE = YES;
				CLANG_WARN__DUPLICATE_METHOD_MATCH = YES;
				"CODE_SIGN_IDENTITY[sdk=iphoneos*]" = "iPhone Developer";
				COPY_PHASE_STRIP = NO;
				DEBUG_INFORMATION_FORMAT = "dwarf-with-dsym";
				ENABLE_NS_ASSERTIONS = NO;
				ENABLE_STRICT_OBJC_MSGSEND = YES;
				GCC_C_LANGUAGE_STANDARD = gnu99;
				GCC_NO_COMMON_BLOCKS = YES;
				GCC_WARN_64_TO_32_BIT_CONVERSION = YES;
				GCC_WARN_ABOUT_RETURN_TYPE = YES_ERROR;
				GCC_WARN_UNDECLARED_SELECTOR = YES;
				GCC_WARN_UNINITIALIZED_AUTOS = YES_AGGRESSIVE;
				GCC_WARN_UNUSED_FUNCTION = YES;
				GCC_WARN_UNUSED_VARIABLE = YES;
				IPHONEOS_DEPLOYMENT_TARGET = 9.2;
				MTL_ENABLE_DEBUG_INFO = NO;
				SDKROOT = iphoneos;
				TARGETED_DEVICE_FAMILY = "1,2";
				VALIDATE_PRODUCT = YES;
			};
			name = Release;
		};
		AA2FB2DF1D0B273900CCACB0 /* Debug */ = {
			isa = XCBuildConfiguration;
			buildSettings = {
				ASSETCATALOG_COMPILER_APPICON_NAME = AppIcon;
				INFOPLIST_FILE = NewsDigest/Info.plist;
				LD_RUNPATH_SEARCH_PATHS = "$(inherited) @executable_path/Frameworks";
				PRODUCT_BUNDLE_IDENTIFIER = com.none.NewsDigest;
				PRODUCT_NAME = "$(TARGET_NAME)";
			};
			name = Debug;
		};
		AA2FB2E01D0B273900CCACB0 /* Release */ = {
			isa = XCBuildConfiguration;
			buildSettings = {
				ASSETCATALOG_COMPILER_APPICON_NAME = AppIcon;
				INFOPLIST_FILE = NewsDigest/Info.plist;
				LD_RUNPATH_SEARCH_PATHS = "$(inherited) @executable_path/Frameworks";
				PRODUCT_BUNDLE_IDENTIFIER = com.none.NewsDigest;
				PRODUCT_NAME = "$(TARGET_NAME)";
			};
			name = Release;
		};
/* End XCBuildConfiguration section */

/* Begin XCConfigurationList section */
		AA2FB2C21D0B273800CCACB0 /* Build configuration list for PBXProject "NewsDigest" */ = {
			isa = XCConfigurationList;
			buildConfigurations = (
				AA2FB2DC1D0B273900CCACB0 /* Debug */,
				AA2FB2DD1D0B273900CCACB0 /* Release */,
			);
			defaultConfigurationIsVisible = 0;
			defaultConfigurationName = Release;
		};
		AA2FB2DE1D0B273900CCACB0 /* Build configuration list for PBXNativeTarget "NewsDigest" */ = {
			isa = XCConfigurationList;
			buildConfigurations = (
				AA2FB2DF1D0B273900CCACB0 /* Debug */,
				AA2FB2E01D0B273900CCACB0 /* Release */,
			);
			defaultConfigurationIsVisible = 0;
			defaultConfigurationName = Release;
		};
/* End XCConfigurationList section */
	};
	rootObject = AA2FB2BF1D0B273800CCACB0 /* Project object */;
}
